
Microsoft Visual Studio Solution File, Format Version 12.00
# Visual Studio Version 17
VisualStudioVersion = 17.4.33205.214
MinimumVisualStudioVersion = 10.0.40219.1
Project("{FAE04EC0-301F-11D3-BF4B-00C04F79EFBC}") = "OOPDeneme", "OOPDeneme\OOPDeneme.csproj", "{91E2ED8B-6482-4B3D-9104-273018CD17FC}"
EndProject
Global
	GlobalSection(SolutionConfigurationPlatforms) = preSolution
		Debug|Any CPU = Debug|Any CPU
		Release|Any CPU = Release|Any CPU
	EndGlobalSection
	GlobalSection(ProjectConfigurationPlatforms) = postSolution
		{91E2ED8B-6482-4B3D-9104-273018CD17FC}.Debug|Any CPU.ActiveCfg = Debug|Any CPU
		{91E2ED8B-6482-4B3D-9104-273018CD17FC}.Debug|Any CPU.Build.0 = Debug|Any CPU
		{91E2ED8B-6482-4B3D-9104-273018CD17FC}.Release|Any CPU.ActiveCfg = Release|Any CPU
		{91E2ED8B-6482-4B3D-9104-273018CD17FC}.Release|Any CPU.Build.0 = Release|Any CPU
	EndGlobalSection
	GlobalSection(SolutionProperties) = preSolution
		HideSolutionNode = FALSE
	EndGlobalSection
	GlobalSection(ExtensibilityGlobals) = postSolution
		SolutionGuid = {90D070D7-6B6B-480B-9448-37F26603C2E9}
	EndGlobalSection
EndGlobal
